// !$*UTF8*$!
{
	archiveVersion = 1;
	classes = {
	};
	objectVersion = 55;
	objects = {

/* Begin PBXBuildFile section */
		CDC9A88F286D810700185C61 /* GetitApp.swift in Sources */ = {isa = PBXBuildFile; fileRef = CDC9A88E286D810700185C61 /* GetitApp.swift */; };
		CDC9A891286D810700185C61 /* ContentView.swift in Sources */ = {isa = PBXBuildFile; fileRef = CDC9A890286D810700185C61 /* ContentView.swift */; };
		CDC9A893286D810800185C61 /* Assets.xcassets in Resources */ = {isa = PBXBuildFile; fileRef = CDC9A892286D810800185C61 /* Assets.xcassets */; };
		CDC9A896286D810800185C61 /* Preview Assets.xcassets in Resources */ = {isa = PBXBuildFile; fileRef = CDC9A895286D810800185C61 /* Preview Assets.xcassets */; };
		CDC9A8A0286D810800185C61 /* GetitTests.swift in Sources */ = {isa = PBXBuildFile; fileRef = CDC9A89F286D810800185C61 /* GetitTests.swift */; };
		CDC9A8AA286D810800185C61 /* GetitUITests.swift in Sources */ = {isa = PBXBuildFile; fileRef = CDC9A8A9286D810800185C61 /* GetitUITests.swift */; };
		CDC9A8AC286D810800185C61 /* GetitUITestsLaunchTests.swift in Sources */ = {isa = PBXBuildFile; fileRef = CDC9A8AB286D810800185C61 /* GetitUITestsLaunchTests.swift */; };
/* End PBXBuildFile section */

/* Begin PBXContainerItemProxy section */
		CDC9A89C286D810800185C61 /* PBXContainerItemProxy */ = {
			isa = PBXContainerItemProxy;
			containerPortal = CDC9A883286D810700185C61 /* Project object */;
			proxyType = 1;
			remoteGlobalIDString = CDC9A88A286D810700185C61;
			remoteInfo = Getit;
		};
		CDC9A8A6286D810800185C61 /* PBXContainerItemProxy */ = {
			isa = PBXContainerItemProxy;
			containerPortal = CDC9A883286D810700185C61 /* Project object */;
			proxyType = 1;
			remoteGlobalIDString = CDC9A88A286D810700185C61;
			remoteInfo = Getit;
		};
/* End PBXContainerItemProxy section */

/* Begin PBXFileReference section */
		CDC9A88B286D810700185C61 /* Getit.app */ = {isa = PBXFileReference; explicitFileType = wrapper.application; includeInIndex = 0; path = Getit.app; sourceTree = BUILT_PRODUCTS_DIR; };
		CDC9A88E286D810700185C61 /* GetitApp.swift */ = {isa = PBXFileReference; lastKnownFileType = sourcecode.swift; path = GetitApp.swift; sourceTree = "<group>"; };
		CDC9A890286D810700185C61 /* ContentView.swift */ = {isa = PBXFileReference; lastKnownFileType = sourcecode.swift; path = ContentView.swift; sourceTree = "<group>"; };
		CDC9A892286D810800185C61 /* Assets.xcassets */ = {isa = PBXFileReference; lastKnownFileType = folder.assetcatalog; path = Assets.xcassets; sourceTree = "<group>"; };
		CDC9A895286D810800185C61 /* Preview Assets.xcassets */ = {isa = PBXFileReference; lastKnownFileType = folder.assetcatalog; path = "Preview Assets.xcassets"; sourceTree = "<group>"; };
		CDC9A89B286D810800185C61 /* GetitTests.xctest */ = {isa = PBXFileReference; explicitFileType = wrapper.cfbundle; includeInIndex = 0; path = GetitTests.xctest; sourceTree = BUILT_PRODUCTS_DIR; };
		CDC9A89F286D810800185C61 /* GetitTests.swift */ = {isa = PBXFileReference; lastKnownFileType = sourcecode.swift; path = GetitTests.swift; sourceTree = "<group>"; };
		CDC9A8A5286D810800185C61 /* GetitUITests.xctest */ = {isa = PBXFileReference; explicitFileType = wrapper.cfbundle; includeInIndex = 0; path = GetitUITests.xctest; sourceTree = BUILT_PRODUCTS_DIR; };
		CDC9A8A9286D810800185C61 /* GetitUITests.swift */ = {isa = PBXFileReference; lastKnownFileType = sourcecode.swift; path = GetitUITests.swift; sourceTree = "<group>"; };
		CDC9A8AB286D810800185C61 /* GetitUITestsLaunchTests.swift */ = {isa = PBXFileReference; lastKnownFileType = sourcecode.swift; path = GetitUITestsLaunchTests.swift; sourceTree = "<group>"; };
/* End PBXFileReference section */

/* Begin PBXFrameworksBuildPhase section */
		CDC9A888286D810700185C61 /* Frameworks */ = {
			isa = PBXFrameworksBuildPhase;
			buildActionMask = 2147483647;
			files = (
			);
			runOnlyForDeploymentPostprocessing = 0;
		};
		CDC9A898286D810800185C61 /* Frameworks */ = {
			isa = PBXFrameworksBuildPhase;
			buildActionMask = 2147483647;
			files = (
			);
			runOnlyForDeploymentPostprocessing = 0;
		};
		CDC9A8A2286D810800185C61 /* Frameworks */ = {
			isa = PBXFrameworksBuildPhase;
			buildActionMask = 2147483647;
			files = (
			);
			runOnlyForDeploymentPostprocessing = 0;
		};
/* End PBXFrameworksBuildPhase section */

/* Begin PBXGroup section */
		CDC9A882286D810700185C61 = {
			isa = PBXGroup;
			children = (
				CDC9A88D286D810700185C61 /* Getit */,
				CDC9A89E286D810800185C61 /* GetitTests */,
				CDC9A8A8286D810800185C61 /* GetitUITests */,
				CDC9A88C286D810700185C61 /* Products */,
			);
			sourceTree = "<group>";
		};
		CDC9A88C286D810700185C61 /* Products */ = {
			isa = PBXGroup;
			children = (
				CDC9A88B286D810700185C61 /* Getit.app */,
				CDC9A89B286D810800185C61 /* GetitTests.xctest */,
				CDC9A8A5286D810800185C61 /* GetitUITests.xctest */,
			);
			name = Products;
			sourceTree = "<group>";
		};
		CDC9A88D286D810700185C61 /* Getit */ = {
			isa = PBXGroup;
			children = (
				CDC9A88E286D810700185C61 /* GetitApp.swift */,
				CDC9A890286D810700185C61 /* ContentView.swift */,
				CDC9A892286D810800185C61 /* Assets.xcassets */,
				CDC9A894286D810800185C61 /* Preview Content */,
			);
			path = Getit;
			sourceTree = "<group>";
		};
		CDC9A894286D810800185C61 /* Preview Content */ = {
			isa = PBXGroup;
			children = (
				CDC9A895286D810800185C61 /* Preview Assets.xcassets */,
			);
			path = "Preview Content";
			sourceTree = "<group>";
		};
		CDC9A89E286D810800185C61 /* GetitTests */ = {
			isa = PBXGroup;
			children = (
				CDC9A89F286D810800185C61 /* GetitTests.swift */,
			);
			path = GetitTests;
			sourceTree = "<group>";
		};
		CDC9A8A8286D810800185C61 /* GetitUITests */ = {
			isa = PBXGroup;
			children = (
				CDC9A8A9286D810800185C61 /* GetitUITests.swift */,
				CDC9A8AB286D810800185C61 /* GetitUITestsLaunchTests.swift */,
			);
			path = GetitUITests;
			sourceTree = "<group>";
		};
/* End PBXGroup section */

/* Begin PBXNativeTarget section */
		CDC9A88A286D810700185C61 /* Getit */ = {
			isa = PBXNativeTarget;
			buildConfigurationList = CDC9A8AF286D810800185C61 /* Build configuration list for PBXNativeTarget "Getit" */;
			buildPhases = (
				CDC9A887286D810700185C61 /* Sources */,
				CDC9A888286D810700185C61 /* Frameworks */,
				CDC9A889286D810700185C61 /* Resources */,
			);
			buildRules = (
			);
			dependencies = (
			);
			name = Getit;
			productName = Getit;
			productReference = CDC9A88B286D810700185C61 /* Getit.app */;
			productType = "com.apple.product-type.application";
		};
		CDC9A89A286D810800185C61 /* GetitTests */ = {
			isa = PBXNativeTarget;
			buildConfigurationList = CDC9A8B2286D810800185C61 /* Build configuration list for PBXNativeTarget "GetitTests" */;
			buildPhases = (
				CDC9A897286D810800185C61 /* Sources */,
				CDC9A898286D810800185C61 /* Frameworks */,
				CDC9A899286D810800185C61 /* Resources */,
			);
			buildRules = (
			);
			dependencies = (
				CDC9A89D286D810800185C61 /* PBXTargetDependency */,
			);
			name = GetitTests;
			productName = GetitTests;
			productReference = CDC9A89B286D810800185C61 /* GetitTests.xctest */;
			productType = "com.apple.product-type.bundle.unit-test";
		};
		CDC9A8A4286D810800185C61 /* GetitUITests */ = {
			isa = PBXNativeTarget;
			buildConfigurationList = CDC9A8B5286D810800185C61 /* Build configuration list for PBXNativeTarget "GetitUITests" */;
			buildPhases = (
				CDC9A8A1286D810800185C61 /* Sources */,
				CDC9A8A2286D810800185C61 /* Frameworks */,
				CDC9A8A3286D810800185C61 /* Resources */,
			);
			buildRules = (
			);
			dependencies = (
				CDC9A8A7286D810800185C61 /* PBXTargetDependency */,
			);
			name = GetitUITests;
			productName = GetitUITests;
			productReference = CDC9A8A5286D810800185C61 /* GetitUITests.xctest */;
			productType = "com.apple.product-type.bundle.ui-testing";
		};
/* End PBXNativeTarget section */

/* Begin PBXProject section */
		CDC9A883286D810700185C61 /* Project object */ = {
			isa = PBXProject;
			attributes = {
				BuildIndependentTargetsInParallel = 1;
				LastSwiftUpdateCheck = 1340;
				LastUpgradeCheck = 1340;
				TargetAttributes = {
					CDC9A88A286D810700185C61 = {
						CreatedOnToolsVersion = 13.4;
					};
					CDC9A89A286D810800185C61 = {
						CreatedOnToolsVersion = 13.4;
						TestTargetID = CDC9A88A286D810700185C61;
					};
					CDC9A8A4286D810800185C61 = {
						CreatedOnToolsVersion = 13.4;
						TestTargetID = CDC9A88A286D810700185C61;
					};
				};
			};
			buildConfigurationList = CDC9A886286D810700185C61 /* Build configuration list for PBXProject "Getit" */;
			compatibilityVersion = "Xcode 13.0";
			developmentRegion = en;
			hasScannedForEncodings = 0;
			knownRegions = (
				en,
				Base,
			);
			mainGroup = CDC9A882286D810700185C61;
			productRefGroup = CDC9A88C286D810700185C61 /* Products */;
			projectDirPath = "";
			projectRoot = "";
			targets = (
				CDC9A88A286D810700185C61 /* Getit */,
				CDC9A89A286D810800185C61 /* GetitTests */,
				CDC9A8A4286D810800185C61 /* GetitUITests */,
			);
		};
/* End PBXProject section */

/* Begin PBXResourcesBuildPhase section */
		CDC9A889286D810700185C61 /* Resources */ = {
			isa = PBXResourcesBuildPhase;
			buildActionMask = 2147483647;
			files = (
				CDC9A896286D810800185C61 /* Preview Assets.xcassets in Resources */,
				CDC9A893286D810800185C61 /* Assets.xcassets in Resources */,
			);
			runOnlyForDeploymentPostprocessing = 0;
		};
		CDC9A899286D810800185C61 /* Resources */ = {
			isa = PBXResourcesBuildPhase;
			buildActionMask = 2147483647;
			files = (
			);
			runOnlyForDeploymentPostprocessing = 0;
		};
		CDC9A8A3286D810800185C61 /* Resources */ = {
			isa = PBXResourcesBuildPhase;
			buildActionMask = 2147483647;
			files = (
			);
			runOnlyForDeploymentPostprocessing = 0;
		};
/* End PBXResourcesBuildPhase section */

/* Begin PBXSourcesBuildPhase section */
		CDC9A887286D810700185C61 /* Sources */ = {
			isa = PBXSourcesBuildPhase;
			buildActionMask = 2147483647;
			files = (
				CDC9A891286D810700185C61 /* ContentView.swift in Sources */,
				CDC9A88F286D810700185C61 /* GetitApp.swift in Sources */,
			);
			runOnlyForDeploymentPostprocessing = 0;
		};
		CDC9A897286D810800185C61 /* Sources */ = {
			isa = PBXSourcesBuildPhase;
			buildActionMask = 2147483647;
			files = (
				CDC9A8A0286D810800185C61 /* GetitTests.swift in Sources */,
			);
			runOnlyForDeploymentPostprocessing = 0;
		};
		CDC9A8A1286D810800185C61 /* Sources */ = {
			isa = PBXSourcesBuildPhase;
			buildActionMask = 2147483647;
			files = (
				CDC9A8AC286D810800185C61 /* GetitUITestsLaunchTests.swift in Sources */,
				CDC9A8AA286D810800185C61 /* GetitUITests.swift in Sources */,
			);
			runOnlyForDeploymentPostprocessing = 0;
		};
/* End PBXSourcesBuildPhase section */

/* Begin PBXTargetDependency section */
		CDC9A89D286D810800185C61 /* PBXTargetDependency */ = {
			isa = PBXTargetDependency;
			target = CDC9A88A286D810700185C61 /* Getit */;
			targetProxy = CDC9A89C286D810800185C61 /* PBXContainerItemProxy */;
		};
		CDC9A8A7286D810800185C61 /* PBXTargetDependency */ = {
			isa = PBXTargetDependency;
			target = CDC9A88A286D810700185C61 /* Getit */;
			targetProxy = CDC9A8A6286D810800185C61 /* PBXContainerItemProxy */;
		};
/* End PBXTargetDependency section */

/* Begin XCBuildConfiguration section */
		CDC9A8AD286D810800185C61 /* Debug */ = {
			isa = XCBuildConfiguration;
			buildSettings = {
				ALWAYS_SEARCH_USER_PATHS = NO;
				CLANG_ANALYZER_NONNULL = YES;
				CLANG_ANALYZER_NUMBER_OBJECT_CONVERSION = YES_AGGRESSIVE;
				CLANG_CXX_LANGUAGE_STANDARD = "gnu++17";
				CLANG_ENABLE_MODULES = YES;
				CLANG_ENABLE_OBJC_ARC = YES;
				CLANG_ENABLE_OBJC_WEAK = YES;
				CLANG_WARN_BLOCK_CAPTURE_AUTORELEASING = YES;
				CLANG_WARN_BOOL_CONVERSION = YES;
				CLANG_WARN_COMMA = YES;
				CLANG_WARN_CONSTANT_CONVERSION = YES;
				CLANG_WARN_DEPRECATED_OBJC_IMPLEMENTATIONS = YES;
				CLANG_WARN_DIRECT_OBJC_ISA_USAGE = YES_ERROR;
				CLANG_WARN_DOCUMENTATION_COMMENTS = YES;
				CLANG_WARN_EMPTY_BODY = YES;
				CLANG_WARN_ENUM_CONVERSION = YES;
				CLANG_WARN_INFINITE_RECURSION = YES;
				CLANG_WARN_INT_CONVERSION = YES;
				CLANG_WARN_NON_LITERAL_NULL_CONVERSION = YES;
				CLANG_WARN_OBJC_IMPLICIT_RETAIN_SELF = YES;
				CLANG_WARN_OBJC_LITERAL_CONVERSION = YES;
				CLANG_WARN_OBJC_ROOT_CLASS = YES_ERROR;
				CLANG_WARN_QUOTED_INCLUDE_IN_FRAMEWORK_HEADER = YES;
				CLANG_WARN_RANGE_LOOP_ANALYSIS = YES;
				CLANG_WARN_STRICT_PROTOTYPES = YES;
				CLANG_WARN_SUSPICIOUS_MOVE = YES;
				CLANG_WARN_UNGUARDED_AVAILABILITY = YES_AGGRESSIVE;
				CLANG_WARN_UNREACHABLE_CODE = YES;
				CLANG_WARN__DUPLICATE_METHOD_MATCH = YES;
				COPY_PHASE_STRIP = NO;
				DEBUG_INFORMATION_FORMAT = dwarf;
				ENABLE_STRICT_OBJC_MSGSEND = YES;
				ENABLE_TESTABILITY = YES;
				GCC_C_LANGUAGE_STANDARD = gnu11;
				GCC_DYNAMIC_NO_PIC = NO;
				GCC_NO_COMMON_BLOCKS = YES;
				GCC_OPTIMIZATION_LEVEL = 0;
				GCC_PREPROCESSOR_DEFINITIONS = (
					"DEBUG=1",
					"$(inherited)",
				);
				GCC_WARN_64_TO_32_BIT_CONVERSION = YES;
				GCC_WARN_ABOUT_RETURN_TYPE = YES_ERROR;
				GCC_WARN_UNDECLARED_SELECTOR = YES;
				GCC_WARN_UNINITIALIZED_AUTOS = YES_AGGRESSIVE;
				GCC_WARN_UNUSED_FUNCTION = YES;
				GCC_WARN_UNUSED_VARIABLE = YES;
				IPHONEOS_DEPLOYMENT_TARGET = 15.5;
				MTL_ENABLE_DEBUG_INFO = INCLUDE_SOURCE;
				MTL_FAST_MATH = YES;
				ONLY_ACTIVE_ARCH = YES;
				SDKROOT = iphoneos;
				SWIFT_ACTIVE_COMPILATION_CONDITIONS = DEBUG;
				SWIFT_OPTIMIZATION_LEVEL = "-Onone";
			};
			name = Debug;
		};
		CDC9A8AE286D810800185C61 /* Release */ = {
			isa = XCBuildConfiguration;
			buildSettings = {
				ALWAYS_SEARCH_USER_PATHS = NO;
				CLANG_ANALYZER_NONNULL = YES;
				CLANG_ANALYZER_NUMBER_OBJECT_CONVERSION = YES_AGGRESSIVE;
				CLANG_CXX_LANGUAGE_STANDARD = "gnu++17";
				CLANG_ENABLE_MODULES = YES;
				CLANG_ENABLE_OBJC_ARC = YES;
				CLANG_ENABLE_OBJC_WEAK = YES;
				CLANG_WARN_BLOCK_CAPTURE_AUTORELEASING = YES;
				CLANG_WARN_BOOL_CONVERSION = YES;
				CLANG_WARN_COMMA = YES;
				CLANG_WARN_CONSTANT_CONVERSION = YES;
				CLANG_WARN_DEPRECATED_OBJC_IMPLEMENTATIONS = YES;
				CLANG_WARN_DIRECT_OBJC_ISA_USAGE = YES_ERROR;
				CLANG_WARN_DOCUMENTATION_COMMENTS = YES;
				CLANG_WARN_EMPTY_BODY = YES;
				CLANG_WARN_ENUM_CONVERSION = YES;
				CLANG_WARN_INFINITE_RECURSION = YES;
				CLANG_WARN_INT_CONVERSION = YES;
				CLANG_WARN_NON_LITERAL_NULL_CONVERSION = YES;
				CLANG_WARN_OBJC_IMPLICIT_RETAIN_SELF = YES;
				CLANG_WARN_OBJC_LITERAL_CONVERSION = YES;
				CLANG_WARN_OBJC_ROOT_CLASS = YES_ERROR;
				CLANG_WARN_QUOTED_INCLUDE_IN_FRAMEWORK_HEADER = YES;
				CLANG_WARN_RANGE_LOOP_ANALYSIS = YES;
				CLANG_WARN_STRICT_PROTOTYPES = YES;
				CLANG_WARN_SUSPICIOUS_MOVE = YES;
				CLANG_WARN_UNGUARDED_AVAILABILITY = YES_AGGRESSIVE;
				CLANG_WARN_UNREACHABLE_CODE = YES;
				CLANG_WARN__DUPLICATE_METHOD_MATCH = YES;
				COPY_PHASE_STRIP = NO;
				DEBUG_INFORMATION_FORMAT = "dwarf-with-dsym";
				ENABLE_NS_ASSERTIONS = NO;
				ENABLE_STRICT_OBJC_MSGSEND = YES;
				GCC_C_LANGUAGE_STANDARD = gnu11;
				GCC_NO_COMMON_BLOCKS = YES;
				GCC_WARN_64_TO_32_BIT_CONVERSION = YES;
				GCC_WARN_ABOUT_RETURN_TYPE = YES_ERROR;
				GCC_WARN_UNDECLARED_SELECTOR = YES;
				GCC_WARN_UNINITIALIZED_AUTOS = YES_AGGRESSIVE;
				GCC_WARN_UNUSED_FUNCTION = YES;
				GCC_WARN_UNUSED_VARIABLE = YES;
				IPHONEOS_DEPLOYMENT_TARGET = 15.5;
				MTL_ENABLE_DEBUG_INFO = NO;
				MTL_FAST_MATH = YES;
				SDKROOT = iphoneos;
				SWIFT_COMPILATION_MODE = wholemodule;
				SWIFT_OPTIMIZATION_LEVEL = "-O";
				VALIDATE_PRODUCT = YES;
			};
			name = Release;
		};
		CDC9A8B0286D810800185C61 /* Debug */ = {
			isa = XCBuildConfiguration;
			buildSettings = {
				ASSETCATALOG_COMPILER_APPICON_NAME = AppIcon;
				ASSETCATALOG_COMPILER_GLOBAL_ACCENT_COLOR_NAME = AccentColor;
				CODE_SIGN_STYLE = Automatic;
				CURRENT_PROJECT_VERSION = 1;
				DEVELOPMENT_ASSET_PATHS = "\"Getit/Preview Content\"";
				DEVELOPMENT_TEAM = RN596XYAX5;
				ENABLE_PREVIEWS = YES;
				GENERATE_INFOPLIST_FILE = YES;
				INFOPLIST_KEY_UIApplicationSceneManifest_Generation = YES;
				INFOPLIST_KEY_UIApplicationSupportsIndirectInputEvents = YES;
				INFOPLIST_KEY_UILaunchScreen_Generation = YES;
				INFOPLIST_KEY_UISupportedInterfaceOrientations_iPad = "UIInterfaceOrientationPortrait UIInterfaceOrientationPortraitUpsideDown UIInterfaceOrientationLandscapeLeft UIInterfaceOrientationLandscapeRight";
				INFOPLIST_KEY_UISupportedInterfaceOrientations_iPhone = "UIInterfaceOrientationPortrait UIInterfaceOrientationLandscapeLeft UIInterfaceOrientationLandscapeRight";
				LD_RUNPATH_SEARCH_PATHS = (
					"$(inherited)",
					"@executable_path/Frameworks",
				);
				MARKETING_VERSION = 1.0;
				PRODUCT_BUNDLE_IDENTIFIER = getit.Getit;
				PRODUCT_NAME = "$(TARGET_NAME)";
				SWIFT_EMIT_LOC_STRINGS = YES;
				SWIFT_VERSION = 5.0;
				TARGETED_DEVICE_FAMILY = "1,2";
			};
			name = Debug;
		};
		CDC9A8B1286D810800185C61 /* Release */ = {
			isa = XCBuildConfiguration;
			buildSettings = {
				ASSETCATALOG_COMPILER_APPICON_NAME = AppIcon;
				ASSETCATALOG_COMPILER_GLOBAL_ACCENT_COLOR_NAME = AccentColor;
				CODE_SIGN_STYLE = Automatic;
				CURRENT_PROJECT_VERSION = 1;
				DEVELOPMENT_ASSET_PATHS = "\"Getit/Preview Content\"";
				DEVELOPMENT_TEAM = RN596XYAX5;
				ENABLE_PREVIEWS = YES;
				GENERATE_INFOPLIST_FILE = YES;
				INFOPLIST_KEY_UIApplicationSceneManifest_Generation = YES;
				INFOPLIST_KEY_UIApplicationSupportsIndirectInputEvents = YES;
				INFOPLIST_KEY_UILaunchScreen_Generation = YES;
				INFOPLIST_KEY_UISupportedInterfaceOrientations_iPad = "UIInterfaceOrientationPortrait UIInterfaceOrientationPortraitUpsideDown UIInterfaceOrientationLandscapeLeft UIInterfaceOrientationLandscapeRight";
				INFOPLIST_KEY_UISupportedInterfaceOrientations_iPhone = "UIInterfaceOrientationPortrait UIInterfaceOrientationLandscapeLeft UIInterfaceOrientationLandscapeRight";
				LD_RUNPATH_SEARCH_PATHS = (
					"$(inherited)",
					"@executable_path/Frameworks",
				);
				MARKETING_VERSION = 1.0;
				PRODUCT_BUNDLE_IDENTIFIER = getit.Getit;
				PRODUCT_NAME = "$(TARGET_NAME)";
				SWIFT_EMIT_LOC_STRINGS = YES;
				SWIFT_VERSION = 5.0;
				TARGETED_DEVICE_FAMILY = "1,2";
			};
			name = Release;
		};
		CDC9A8B3286D810800185C61 /* Debug */ = {
			isa = XCBuildConfiguration;
			buildSettings = {
				ALWAYS_EMBED_SWIFT_STANDARD_LIBRARIES = YES;
				BUNDLE_LOADER = "$(TEST_HOST)";
				CODE_SIGN_STYLE = Automatic;
				CURRENT_PROJECT_VERSION = 1;
				DEVELOPMENT_TEAM = RN596XYAX5;
				GENERATE_INFOPLIST_FILE = YES;
				IPHONEOS_DEPLOYMENT_TARGET = 15.5;
				MARKETING_VERSION = 1.0;
				PRODUCT_BUNDLE_IDENTIFIER = getit.GetitTests;
				PRODUCT_NAME = "$(TARGET_NAME)";
				SWIFT_EMIT_LOC_STRINGS = NO;
				SWIFT_VERSION = 5.0;
				TARGETED_DEVICE_FAMILY = "1,2";
				TEST_HOST = "$(BUILT_PRODUCTS_DIR)/Getit.app/Getit";
			};
			name = Debug;
		};
		CDC9A8B4286D810800185C61 /* Release */ = {
			isa = XCBuildConfiguration;
			buildSettings = {
				ALWAYS_EMBED_SWIFT_STANDARD_LIBRARIES = YES;
				BUNDLE_LOADER = "$(TEST_HOST)";
				CODE_SIGN_STYLE = Automatic;
				CURRENT_PROJECT_VERSION = 1;
				DEVELOPMENT_TEAM = RN596XYAX5;
				GENERATE_INFOPLIST_FILE = YES;
				IPHONEOS_DEPLOYMENT_TARGET = 15.5;
				MARKETING_VERSION = 1.0;
				PRODUCT_BUNDLE_IDENTIFIER = getit.GetitTests;
				PRODUCT_NAME = "$(TARGET_NAME)";
				SWIFT_EMIT_LOC_STRINGS = NO;
				SWIFT_VERSION = 5.0;
				TARGETED_DEVICE_FAMILY = "1,2";
				TEST_HOST = "$(BUILT_PRODUCTS_DIR)/Getit.app/Getit";
			};
			name = Release;
		};
		CDC9A8B6286D810800185C61 /* Debug */ = {
			isa = XCBuildConfiguration;
			buildSettings = {
				ALWAYS_EMBED_SWIFT_STANDARD_LIBRARIES = YES;
				CODE_SIGN_STYLE = Automatic;
				CURRENT_PROJECT_VERSION = 1;
				DEVELOPMENT_TEAM = RN596XYAX5;
				GENERATE_INFOPLIST_FILE = YES;
				MARKETING_VERSION = 1.0;
				PRODUCT_BUNDLE_IDENTIFIER = getit.GetitUITests;
				PRODUCT_NAME = "$(TARGET_NAME)";
				SWIFT_EMIT_LOC_STRINGS = NO;
				SWIFT_VERSION = 5.0;
				TARGETED_DEVICE_FAMILY = "1,2";
				TEST_TARGET_NAME = Getit;
			};
			name = Debug;
		};
		CDC9A8B7286D810800185C61 /* Release */ = {
			isa = XCBuildConfiguration;
			buildSettings = {
				ALWAYS_EMBED_SWIFT_STANDARD_LIBRARIES = YES;
				CODE_SIGN_STYLE = Automatic;
				CURRENT_PROJECT_VERSION = 1;
				DEVELOPMENT_TEAM = RN596XYAX5;
				GENERATE_INFOPLIST_FILE = YES;
				MARKETING_VERSION = 1.0;
				PRODUCT_BUNDLE_IDENTIFIER = getit.GetitUITests;
				PRODUCT_NAME = "$(TARGET_NAME)";
				SWIFT_EMIT_LOC_STRINGS = NO;
				SWIFT_VERSION = 5.0;
				TARGETED_DEVICE_FAMILY = "1,2";
				TEST_TARGET_NAME = Getit;
			};
			name = Release;
		};
/* End XCBuildConfiguration section */

/* Begin XCConfigurationList section */
		CDC9A886286D810700185C61 /* Build configuration list for PBXProject "Getit" */ = {
			isa = XCConfigurationList;
			buildConfigurations = (
				CDC9A8AD286D810800185C61 /* Debug */,
				CDC9A8AE286D810800185C61 /* Release */,
			);
			defaultConfigurationIsVisible = 0;
			defaultConfigurationName = Release;
		};
		CDC9A8AF286D810800185C61 /* Build configuration list for PBXNativeTarget "Getit" */ = {
			isa = XCConfigurationList;
			buildConfigurations = (
				CDC9A8B0286D810800185C61 /* Debug */,
				CDC9A8B1286D810800185C61 /* Release */,
			);
			defaultConfigurationIsVisible = 0;
			defaultConfigurationName = Release;
		};
		CDC9A8B2286D810800185C61 /* Build configuration list for PBXNativeTarget "GetitTests" */ = {
			isa = XCConfigurationList;
			buildConfigurations = (
				CDC9A8B3286D810800185C61 /* Debug */,
				CDC9A8B4286D810800185C61 /* Release */,
			);
			defaultConfigurationIsVisible = 0;
			defaultConfigurationName = Release;
		};
		CDC9A8B5286D810800185C61 /* Build configuration list for PBXNativeTarget "GetitUITests" */ = {
			isa = XCConfigurationList;
			buildConfigurations = (
				CDC9A8B6286D810800185C61 /* Debug */,
				CDC9A8B7286D810800185C61 /* Release */,
			);
			defaultConfigurationIsVisible = 0;
			defaultConfigurationName = Release;
		};
/* End XCConfigurationList section */
	};
	rootObject = CDC9A883286D810700185C61 /* Project object */;
}
