// !$*UTF8*$!
{
	archiveVersion = 1;
	classes = {
	};
	objectVersion = 55;
	objects = {

/* Begin PBXBuildFile section */
		CD52053A288D69DE00ECA297 /* Question.swift in Sources */ = {isa = PBXBuildFile; fileRef = CD520539288D69DE00ECA297 /* Question.swift */; };
		CD52053C288D6E8F00ECA297 /* User.swift in Sources */ = {isa = PBXBuildFile; fileRef = CD52053B288D6E8F00ECA297 /* User.swift */; };
		CD52053F288D762300ECA297 /* QuestionData.swift in Sources */ = {isa = PBXBuildFile; fileRef = CD52053E288D762300ECA297 /* QuestionData.swift */; };
		CDC9A88F286D810700185C61 /* GetitApp.swift in Sources */ = {isa = PBXBuildFile; fileRef = CDC9A88E286D810700185C61 /* GetitApp.swift */; };
		CDC9A893286D810800185C61 /* Assets.xcassets in Resources */ = {isa = PBXBuildFile; fileRef = CDC9A892286D810800185C61 /* Assets.xcassets */; };
		CDC9A896286D810800185C61 /* Preview Assets.xcassets in Resources */ = {isa = PBXBuildFile; fileRef = CDC9A895286D810800185C61 /* Preview Assets.xcassets */; };
		CDC9A8A0286D810800185C61 /* GetitTests.swift in Sources */ = {isa = PBXBuildFile; fileRef = CDC9A89F286D810800185C61 /* GetitTests.swift */; };
		CDC9A8AA286D810800185C61 /* GetitUITests.swift in Sources */ = {isa = PBXBuildFile; fileRef = CDC9A8A9286D810800185C61 /* GetitUITests.swift */; };
		CDC9A8AC286D810800185C61 /* GetitUITestsLaunchTests.swift in Sources */ = {isa = PBXBuildFile; fileRef = CDC9A8AB286D810800185C61 /* GetitUITestsLaunchTests.swift */; };
		CDC9A8C9286D874F00185C61 /* HomeView.swift in Sources */ = {isa = PBXBuildFile; fileRef = CDC9A8C6286D874F00185C61 /* HomeView.swift */; };
		CDC9A8CA286D874F00185C61 /* SplashView.swift in Sources */ = {isa = PBXBuildFile; fileRef = CDC9A8C7286D874F00185C61 /* SplashView.swift */; };
		CDC9A8CB286D874F00185C61 /* ContentView.swift in Sources */ = {isa = PBXBuildFile; fileRef = CDC9A8C8286D874F00185C61 /* ContentView.swift */; };
		CDC9A8CF286D87B900185C61 /* HomeViewModel.swift in Sources */ = {isa = PBXBuildFile; fileRef = CDC9A8CE286D87B900185C61 /* HomeViewModel.swift */; };
		CDC9A8D1286D87EF00185C61 /* GlobalStore.swift in Sources */ = {isa = PBXBuildFile; fileRef = CDC9A8D0286D87EF00185C61 /* GlobalStore.swift */; };
		CDC9A8DA286D8CB500185C61 /* ActivityView.swift in Sources */ = {isa = PBXBuildFile; fileRef = CDC9A8D9286D8CB500185C61 /* ActivityView.swift */; };
		CDC9A8DC286D8CC400185C61 /* LoadingView.swift in Sources */ = {isa = PBXBuildFile; fileRef = CDC9A8DB286D8CC400185C61 /* LoadingView.swift */; };
		CDC9A8E1286D919200185C61 /* Montserrat-Bold.ttf in Resources */ = {isa = PBXBuildFile; fileRef = CDC9A8DE286D919100185C61 /* Montserrat-Bold.ttf */; };
		CDC9A8E2286D919200185C61 /* Montserrat-SemiBold.ttf in Resources */ = {isa = PBXBuildFile; fileRef = CDC9A8DF286D919200185C61 /* Montserrat-SemiBold.ttf */; };
		CDC9A8E3286D919200185C61 /* Montserrat-Medium.ttf in Resources */ = {isa = PBXBuildFile; fileRef = CDC9A8E0286D919200185C61 /* Montserrat-Medium.ttf */; };
		CDC9A8E5286D91CF00185C61 /* NotoSansJP-Medium.otf in Resources */ = {isa = PBXBuildFile; fileRef = CDC9A8E4286D91CF00185C61 /* NotoSansJP-Medium.otf */; };
		CDC9A8EC286D98E500185C61 /* Icon.swift in Sources */ = {isa = PBXBuildFile; fileRef = CDC9A8EB286D98E500185C61 /* Icon.swift */; };
		CDC9A8F2286DA32100185C61 /* ProgressCard.swift in Sources */ = {isa = PBXBuildFile; fileRef = CDC9A8F1286DA32100185C61 /* ProgressCard.swift */; };
		CDC9A8F4286DA37200185C61 /* DailyGoalCard.swift in Sources */ = {isa = PBXBuildFile; fileRef = CDC9A8F3286DA37200185C61 /* DailyGoalCard.swift */; };
		CDC9A8F6286DA4B600185C61 /* NextUpCard.swift in Sources */ = {isa = PBXBuildFile; fileRef = CDC9A8F5286DA4B600185C61 /* NextUpCard.swift */; };
		CDC9A8F8286DA94B00185C61 /* Triangle.swift in Sources */ = {isa = PBXBuildFile; fileRef = CDC9A8F7286DA94B00185C61 /* Triangle.swift */; };
/* End PBXBuildFile section */

/* Begin PBXContainerItemProxy section */
		CDC9A89C286D810800185C61 /* PBXContainerItemProxy */ = {
			isa = PBXContainerItemProxy;
			containerPortal = CDC9A883286D810700185C61 /* Project object */;
			proxyType = 1;
			remoteGlobalIDString = CDC9A88A286D810700185C61;
			remoteInfo = Getit;
		};
		CDC9A8A6286D810800185C61 /* PBXContainerItemProxy */ = {
			isa = PBXContainerItemProxy;
			containerPortal = CDC9A883286D810700185C61 /* Project object */;
			proxyType = 1;
			remoteGlobalIDString = CDC9A88A286D810700185C61;
			remoteInfo = Getit;
		};
/* End PBXContainerItemProxy section */

/* Begin PBXFileReference section */
		CD520539288D69DE00ECA297 /* Question.swift */ = {isa = PBXFileReference; lastKnownFileType = sourcecode.swift; path = Question.swift; sourceTree = "<group>"; };
		CD52053B288D6E8F00ECA297 /* User.swift */ = {isa = PBXFileReference; lastKnownFileType = sourcecode.swift; path = User.swift; sourceTree = "<group>"; };
		CD52053E288D762300ECA297 /* QuestionData.swift */ = {isa = PBXFileReference; lastKnownFileType = sourcecode.swift; path = QuestionData.swift; sourceTree = "<group>"; };
		CDC9A88B286D810700185C61 /* Getit.app */ = {isa = PBXFileReference; explicitFileType = wrapper.application; includeInIndex = 0; path = Getit.app; sourceTree = BUILT_PRODUCTS_DIR; };
		CDC9A88E286D810700185C61 /* GetitApp.swift */ = {isa = PBXFileReference; lastKnownFileType = sourcecode.swift; path = GetitApp.swift; sourceTree = "<group>"; };
		CDC9A892286D810800185C61 /* Assets.xcassets */ = {isa = PBXFileReference; lastKnownFileType = folder.assetcatalog; path = Assets.xcassets; sourceTree = "<group>"; };
		CDC9A895286D810800185C61 /* Preview Assets.xcassets */ = {isa = PBXFileReference; lastKnownFileType = folder.assetcatalog; path = "Preview Assets.xcassets"; sourceTree = "<group>"; };
		CDC9A89B286D810800185C61 /* GetitTests.xctest */ = {isa = PBXFileReference; explicitFileType = wrapper.cfbundle; includeInIndex = 0; path = GetitTests.xctest; sourceTree = BUILT_PRODUCTS_DIR; };
		CDC9A89F286D810800185C61 /* GetitTests.swift */ = {isa = PBXFileReference; lastKnownFileType = sourcecode.swift; path = GetitTests.swift; sourceTree = "<group>"; };
		CDC9A8A5286D810800185C61 /* GetitUITests.xctest */ = {isa = PBXFileReference; explicitFileType = wrapper.cfbundle; includeInIndex = 0; path = GetitUITests.xctest; sourceTree = BUILT_PRODUCTS_DIR; };
		CDC9A8A9286D810800185C61 /* GetitUITests.swift */ = {isa = PBXFileReference; lastKnownFileType = sourcecode.swift; path = GetitUITests.swift; sourceTree = "<group>"; };
		CDC9A8AB286D810800185C61 /* GetitUITestsLaunchTests.swift */ = {isa = PBXFileReference; lastKnownFileType = sourcecode.swift; path = GetitUITestsLaunchTests.swift; sourceTree = "<group>"; };
		CDC9A8C6286D874F00185C61 /* HomeView.swift */ = {isa = PBXFileReference; fileEncoding = 4; lastKnownFileType = sourcecode.swift; path = HomeView.swift; sourceTree = "<group>"; };
		CDC9A8C7286D874F00185C61 /* SplashView.swift */ = {isa = PBXFileReference; fileEncoding = 4; lastKnownFileType = sourcecode.swift; path = SplashView.swift; sourceTree = "<group>"; };
		CDC9A8C8286D874F00185C61 /* ContentView.swift */ = {isa = PBXFileReference; fileEncoding = 4; lastKnownFileType = sourcecode.swift; path = ContentView.swift; sourceTree = "<group>"; };
		CDC9A8CE286D87B900185C61 /* HomeViewModel.swift */ = {isa = PBXFileReference; lastKnownFileType = sourcecode.swift; path = HomeViewModel.swift; sourceTree = "<group>"; };
		CDC9A8D0286D87EF00185C61 /* GlobalStore.swift */ = {isa = PBXFileReference; lastKnownFileType = sourcecode.swift; path = GlobalStore.swift; sourceTree = "<group>"; };
		CDC9A8D9286D8CB500185C61 /* ActivityView.swift */ = {isa = PBXFileReference; lastKnownFileType = sourcecode.swift; path = ActivityView.swift; sourceTree = "<group>"; };
		CDC9A8DB286D8CC400185C61 /* LoadingView.swift */ = {isa = PBXFileReference; lastKnownFileType = sourcecode.swift; path = LoadingView.swift; sourceTree = "<group>"; };
		CDC9A8DE286D919100185C61 /* Montserrat-Bold.ttf */ = {isa = PBXFileReference; lastKnownFileType = file; path = "Montserrat-Bold.ttf"; sourceTree = "<group>"; };
		CDC9A8DF286D919200185C61 /* Montserrat-SemiBold.ttf */ = {isa = PBXFileReference; lastKnownFileType = file; path = "Montserrat-SemiBold.ttf"; sourceTree = "<group>"; };
		CDC9A8E0286D919200185C61 /* Montserrat-Medium.ttf */ = {isa = PBXFileReference; lastKnownFileType = file; path = "Montserrat-Medium.ttf"; sourceTree = "<group>"; };
		CDC9A8E4286D91CF00185C61 /* NotoSansJP-Medium.otf */ = {isa = PBXFileReference; lastKnownFileType = file; path = "NotoSansJP-Medium.otf"; sourceTree = "<group>"; };
		CDC9A8E6286D91FA00185C61 /* Info.plist */ = {isa = PBXFileReference; lastKnownFileType = text.plist; path = Info.plist; sourceTree = "<group>"; };
		CDC9A8EB286D98E500185C61 /* Icon.swift */ = {isa = PBXFileReference; lastKnownFileType = sourcecode.swift; path = Icon.swift; sourceTree = "<group>"; };
		CDC9A8F1286DA32100185C61 /* ProgressCard.swift */ = {isa = PBXFileReference; lastKnownFileType = sourcecode.swift; path = ProgressCard.swift; sourceTree = "<group>"; };
		CDC9A8F3286DA37200185C61 /* DailyGoalCard.swift */ = {isa = PBXFileReference; lastKnownFileType = sourcecode.swift; path = DailyGoalCard.swift; sourceTree = "<group>"; };
		CDC9A8F5286DA4B600185C61 /* NextUpCard.swift */ = {isa = PBXFileReference; lastKnownFileType = sourcecode.swift; path = NextUpCard.swift; sourceTree = "<group>"; };
		CDC9A8F7286DA94B00185C61 /* Triangle.swift */ = {isa = PBXFileReference; lastKnownFileType = sourcecode.swift; path = Triangle.swift; sourceTree = "<group>"; };
/* End PBXFileReference section */

/* Begin PBXFrameworksBuildPhase section */
		CDC9A888286D810700185C61 /* Frameworks */ = {
			isa = PBXFrameworksBuildPhase;
			buildActionMask = 2147483647;
			files = (
			);
			runOnlyForDeploymentPostprocessing = 0;
		};
		CDC9A898286D810800185C61 /* Frameworks */ = {
			isa = PBXFrameworksBuildPhase;
			buildActionMask = 2147483647;
			files = (
			);
			runOnlyForDeploymentPostprocessing = 0;
		};
		CDC9A8A2286D810800185C61 /* Frameworks */ = {
			isa = PBXFrameworksBuildPhase;
			buildActionMask = 2147483647;
			files = (
			);
			runOnlyForDeploymentPostprocessing = 0;
		};
/* End PBXFrameworksBuildPhase section */

/* Begin PBXGroup section */
		CD520538288D69D000ECA297 /* Models */ = {
			isa = PBXGroup;
			children = (
				CD520539288D69DE00ECA297 /* Question.swift */,
				CD52053B288D6E8F00ECA297 /* User.swift */,
				CD52053E288D762300ECA297 /* QuestionData.swift */,
			);
			path = Models;
			sourceTree = "<group>";
		};
		CD52053D288D75DB00ECA297 /* Resources */ = {
			isa = PBXGroup;
			children = (
			);
			path = Resources;
			sourceTree = "<group>";
		};
		CDC9A882286D810700185C61 = {
			isa = PBXGroup;
			children = (
				CDC9A88D286D810700185C61 /* Getit */,
				CDC9A89E286D810800185C61 /* GetitTests */,
				CDC9A8A8286D810800185C61 /* GetitUITests */,
				CDC9A88C286D810700185C61 /* Products */,
			);
			sourceTree = "<group>";
		};
		CDC9A88C286D810700185C61 /* Products */ = {
			isa = PBXGroup;
			children = (
				CDC9A88B286D810700185C61 /* Getit.app */,
				CDC9A89B286D810800185C61 /* GetitTests.xctest */,
				CDC9A8A5286D810800185C61 /* GetitUITests.xctest */,
			);
			name = Products;
			sourceTree = "<group>";
		};
		CDC9A88D286D810700185C61 /* Getit */ = {
			isa = PBXGroup;
			children = (
				CD52053D288D75DB00ECA297 /* Resources */,
				CD520538288D69D000ECA297 /* Models */,
				CDC9A8E7286D96E000185C61 /* Components */,
				CDC9A8E6286D91FA00185C61 /* Info.plist */,
				CDC9A8DD286D90C900185C61 /* Fonts */,
				CDC9A8D0286D87EF00185C61 /* GlobalStore.swift */,
				CDC9A88E286D810700185C61 /* GetitApp.swift */,
				CDC9A8D8286D8C7C00185C61 /* Pages */,
				CDC9A892286D810800185C61 /* Assets.xcassets */,
				CDC9A894286D810800185C61 /* Preview Content */,
			);
			path = Getit;
			sourceTree = "<group>";
		};
		CDC9A894286D810800185C61 /* Preview Content */ = {
			isa = PBXGroup;
			children = (
				CDC9A895286D810800185C61 /* Preview Assets.xcassets */,
			);
			path = "Preview Content";
			sourceTree = "<group>";
		};
		CDC9A89E286D810800185C61 /* GetitTests */ = {
			isa = PBXGroup;
			children = (
				CDC9A89F286D810800185C61 /* GetitTests.swift */,
			);
			path = GetitTests;
			sourceTree = "<group>";
		};
		CDC9A8A8286D810800185C61 /* GetitUITests */ = {
			isa = PBXGroup;
			children = (
				CDC9A8A9286D810800185C61 /* GetitUITests.swift */,
				CDC9A8AB286D810800185C61 /* GetitUITestsLaunchTests.swift */,
			);
			path = GetitUITests;
			sourceTree = "<group>";
		};
		CDC9A8CC286D879D00185C61 /* Home */ = {
			isa = PBXGroup;
			children = (
				CDC9A8C6286D874F00185C61 /* HomeView.swift */,
				CDC9A8CE286D87B900185C61 /* HomeViewModel.swift */,
			);
			path = Home;
			sourceTree = "<group>";
		};
		CDC9A8CD286D87A400185C61 /* Splash */ = {
			isa = PBXGroup;
			children = (
				CDC9A8C7286D874F00185C61 /* SplashView.swift */,
			);
			path = Splash;
			sourceTree = "<group>";
		};
		CDC9A8D2286D8C1F00185C61 /* Activity */ = {
			isa = PBXGroup;
			children = (
				CDC9A8D9286D8CB500185C61 /* ActivityView.swift */,
			);
			path = Activity;
			sourceTree = "<group>";
		};
		CDC9A8D3286D8C2700185C61 /* Loading */ = {
			isa = PBXGroup;
			children = (
				CDC9A8DB286D8CC400185C61 /* LoadingView.swift */,
			);
			path = Loading;
			sourceTree = "<group>";
		};
		CDC9A8D8286D8C7C00185C61 /* Pages */ = {
			isa = PBXGroup;
			children = (
				CDC9A8C8286D874F00185C61 /* ContentView.swift */,
				CDC9A8CD286D87A400185C61 /* Splash */,
				CDC9A8CC286D879D00185C61 /* Home */,
				CDC9A8D3286D8C2700185C61 /* Loading */,
				CDC9A8D2286D8C1F00185C61 /* Activity */,
			);
			path = Pages;
			sourceTree = "<group>";
		};
		CDC9A8DD286D90C900185C61 /* Fonts */ = {
			isa = PBXGroup;
			children = (
				CDC9A8E4286D91CF00185C61 /* NotoSansJP-Medium.otf */,
				CDC9A8DE286D919100185C61 /* Montserrat-Bold.ttf */,
				CDC9A8E0286D919200185C61 /* Montserrat-Medium.ttf */,
				CDC9A8DF286D919200185C61 /* Montserrat-SemiBold.ttf */,
			);
			path = Fonts;
			sourceTree = "<group>";
		};
		CDC9A8E7286D96E000185C61 /* Components */ = {
			isa = PBXGroup;
			children = (
				CDC9A8ED286DA2AF00185C61 /* Organisms */,
				CDC9A8E8286D96E700185C61 /* Atoms */,
			);
			path = Components;
			sourceTree = "<group>";
		};
		CDC9A8E8286D96E700185C61 /* Atoms */ = {
			isa = PBXGroup;
			children = (
				CDC9A8EB286D98E500185C61 /* Icon.swift */,
				CDC9A8F7286DA94B00185C61 /* Triangle.swift */,
			);
			path = Atoms;
			sourceTree = "<group>";
		};
		CDC9A8ED286DA2AF00185C61 /* Organisms */ = {
			isa = PBXGroup;
			children = (
				CDC9A8EE286DA2E400185C61 /* ProgressCard */,
				CDC9A8EF286DA2EE00185C61 /* DailyGoalCard */,
				CDC9A8F0286DA2FA00185C61 /* NextUpCard */,
			);
			path = Organisms;
			sourceTree = "<group>";
		};
		CDC9A8EE286DA2E400185C61 /* ProgressCard */ = {
			isa = PBXGroup;
			children = (
				CDC9A8F1286DA32100185C61 /* ProgressCard.swift */,
			);
			path = ProgressCard;
			sourceTree = "<group>";
		};
		CDC9A8EF286DA2EE00185C61 /* DailyGoalCard */ = {
			isa = PBXGroup;
			children = (
				CDC9A8F3286DA37200185C61 /* DailyGoalCard.swift */,
			);
			path = DailyGoalCard;
			sourceTree = "<group>";
		};
		CDC9A8F0286DA2FA00185C61 /* NextUpCard */ = {
			isa = PBXGroup;
			children = (
				CDC9A8F5286DA4B600185C61 /* NextUpCard.swift */,
			);
			path = NextUpCard;
			sourceTree = "<group>";
		};
/* End PBXGroup section */

/* Begin PBXNativeTarget section */
		CDC9A88A286D810700185C61 /* Getit */ = {
			isa = PBXNativeTarget;
			buildConfigurationList = CDC9A8AF286D810800185C61 /* Build configuration list for PBXNativeTarget "Getit" */;
			buildPhases = (
				CDC9A887286D810700185C61 /* Sources */,
				CDC9A888286D810700185C61 /* Frameworks */,
				CDC9A889286D810700185C61 /* Resources */,
			);
			buildRules = (
			);
			dependencies = (
			);
			name = Getit;
			productName = Getit;
			productReference = CDC9A88B286D810700185C61 /* Getit.app */;
			productType = "com.apple.product-type.application";
		};
		CDC9A89A286D810800185C61 /* GetitTests */ = {
			isa = PBXNativeTarget;
			buildConfigurationList = CDC9A8B2286D810800185C61 /* Build configuration list for PBXNativeTarget "GetitTests" */;
			buildPhases = (
				CDC9A897286D810800185C61 /* Sources */,
				CDC9A898286D810800185C61 /* Frameworks */,
				CDC9A899286D810800185C61 /* Resources */,
			);
			buildRules = (
			);
			dependencies = (
				CDC9A89D286D810800185C61 /* PBXTargetDependency */,
			);
			name = GetitTests;
			productName = GetitTests;
			productReference = CDC9A89B286D810800185C61 /* GetitTests.xctest */;
			productType = "com.apple.product-type.bundle.unit-test";
		};
		CDC9A8A4286D810800185C61 /* GetitUITests */ = {
			isa = PBXNativeTarget;
			buildConfigurationList = CDC9A8B5286D810800185C61 /* Build configuration list for PBXNativeTarget "GetitUITests" */;
			buildPhases = (
				CDC9A8A1286D810800185C61 /* Sources */,
				CDC9A8A2286D810800185C61 /* Frameworks */,
				CDC9A8A3286D810800185C61 /* Resources */,
			);
			buildRules = (
			);
			dependencies = (
				CDC9A8A7286D810800185C61 /* PBXTargetDependency */,
			);
			name = GetitUITests;
			productName = GetitUITests;
			productReference = CDC9A8A5286D810800185C61 /* GetitUITests.xctest */;
			productType = "com.apple.product-type.bundle.ui-testing";
		};
/* End PBXNativeTarget section */

/* Begin PBXProject section */
		CDC9A883286D810700185C61 /* Project object */ = {
			isa = PBXProject;
			attributes = {
				BuildIndependentTargetsInParallel = 1;
				LastSwiftUpdateCheck = 1340;
				LastUpgradeCheck = 1340;
				TargetAttributes = {
					CDC9A88A286D810700185C61 = {
						CreatedOnToolsVersion = 13.4;
					};
					CDC9A89A286D810800185C61 = {
						CreatedOnToolsVersion = 13.4;
						TestTargetID = CDC9A88A286D810700185C61;
					};
					CDC9A8A4286D810800185C61 = {
						CreatedOnToolsVersion = 13.4;
						TestTargetID = CDC9A88A286D810700185C61;
					};
				};
			};
			buildConfigurationList = CDC9A886286D810700185C61 /* Build configuration list for PBXProject "Getit" */;
			compatibilityVersion = "Xcode 13.0";
			developmentRegion = en;
			hasScannedForEncodings = 0;
			knownRegions = (
				en,
				Base,
			);
			mainGroup = CDC9A882286D810700185C61;
			productRefGroup = CDC9A88C286D810700185C61 /* Products */;
			projectDirPath = "";
			projectRoot = "";
			targets = (
				CDC9A88A286D810700185C61 /* Getit */,
				CDC9A89A286D810800185C61 /* GetitTests */,
				CDC9A8A4286D810800185C61 /* GetitUITests */,
			);
		};
/* End PBXProject section */

/* Begin PBXResourcesBuildPhase section */
		CDC9A889286D810700185C61 /* Resources */ = {
			isa = PBXResourcesBuildPhase;
			buildActionMask = 2147483647;
			files = (
				CDC9A896286D810800185C61 /* Preview Assets.xcassets in Resources */,
				CDC9A8E3286D919200185C61 /* Montserrat-Medium.ttf in Resources */,
				CDC9A893286D810800185C61 /* Assets.xcassets in Resources */,
				CDC9A8E5286D91CF00185C61 /* NotoSansJP-Medium.otf in Resources */,
				CDC9A8E2286D919200185C61 /* Montserrat-SemiBold.ttf in Resources */,
				CDC9A8E1286D919200185C61 /* Montserrat-Bold.ttf in Resources */,
			);
			runOnlyForDeploymentPostprocessing = 0;
		};
		CDC9A899286D810800185C61 /* Resources */ = {
			isa = PBXResourcesBuildPhase;
			buildActionMask = 2147483647;
			files = (
			);
			runOnlyForDeploymentPostprocessing = 0;
		};
		CDC9A8A3286D810800185C61 /* Resources */ = {
			isa = PBXResourcesBuildPhase;
			buildActionMask = 2147483647;
			files = (
			);
			runOnlyForDeploymentPostprocessing = 0;
		};
/* End PBXResourcesBuildPhase section */

/* Begin PBXSourcesBuildPhase section */
		CDC9A887286D810700185C61 /* Sources */ = {
			isa = PBXSourcesBuildPhase;
			buildActionMask = 2147483647;
			files = (
				CDC9A8F4286DA37200185C61 /* DailyGoalCard.swift in Sources */,
				CDC9A8F8286DA94B00185C61 /* Triangle.swift in Sources */,
				CDC9A8F6286DA4B600185C61 /* NextUpCard.swift in Sources */,
				CDC9A88F286D810700185C61 /* GetitApp.swift in Sources */,
				CDC9A8C9286D874F00185C61 /* HomeView.swift in Sources */,
				CD52053A288D69DE00ECA297 /* Question.swift in Sources */,
				CDC9A8D1286D87EF00185C61 /* GlobalStore.swift in Sources */,
				CDC9A8CB286D874F00185C61 /* ContentView.swift in Sources */,
				CD52053C288D6E8F00ECA297 /* User.swift in Sources */,
				CDC9A8DA286D8CB500185C61 /* ActivityView.swift in Sources */,
				CDC9A8DC286D8CC400185C61 /* LoadingView.swift in Sources */,
				CDC9A8CF286D87B900185C61 /* HomeViewModel.swift in Sources */,
				CDC9A8EC286D98E500185C61 /* Icon.swift in Sources */,
				CDC9A8F2286DA32100185C61 /* ProgressCard.swift in Sources */,
				CDC9A8CA286D874F00185C61 /* SplashView.swift in Sources */,
				CD52053F288D762300ECA297 /* QuestionData.swift in Sources */,
			);
			runOnlyForDeploymentPostprocessing = 0;
		};
		CDC9A897286D810800185C61 /* Sources */ = {
			isa = PBXSourcesBuildPhase;
			buildActionMask = 2147483647;
			files = (
				CDC9A8A0286D810800185C61 /* GetitTests.swift in Sources */,
			);
			runOnlyForDeploymentPostprocessing = 0;
		};
		CDC9A8A1286D810800185C61 /* Sources */ = {
			isa = PBXSourcesBuildPhase;
			buildActionMask = 2147483647;
			files = (
				CDC9A8AC286D810800185C61 /* GetitUITestsLaunchTests.swift in Sources */,
				CDC9A8AA286D810800185C61 /* GetitUITests.swift in Sources */,
			);
			runOnlyForDeploymentPostprocessing = 0;
		};
/* End PBXSourcesBuildPhase section */

/* Begin PBXTargetDependency section */
		CDC9A89D286D810800185C61 /* PBXTargetDependency */ = {
			isa = PBXTargetDependency;
			target = CDC9A88A286D810700185C61 /* Getit */;
			targetProxy = CDC9A89C286D810800185C61 /* PBXContainerItemProxy */;
		};
		CDC9A8A7286D810800185C61 /* PBXTargetDependency */ = {
			isa = PBXTargetDependency;
			target = CDC9A88A286D810700185C61 /* Getit */;
			targetProxy = CDC9A8A6286D810800185C61 /* PBXContainerItemProxy */;
		};
/* End PBXTargetDependency section */

/* Begin XCBuildConfiguration section */
		CDC9A8AD286D810800185C61 /* Debug */ = {
			isa = XCBuildConfiguration;
			buildSettings = {
				ALWAYS_SEARCH_USER_PATHS = NO;
				CLANG_ANALYZER_NONNULL = YES;
				CLANG_ANALYZER_NUMBER_OBJECT_CONVERSION = YES_AGGRESSIVE;
				CLANG_CXX_LANGUAGE_STANDARD = "gnu++17";
				CLANG_ENABLE_MODULES = YES;
				CLANG_ENABLE_OBJC_ARC = YES;
				CLANG_ENABLE_OBJC_WEAK = YES;
				CLANG_WARN_BLOCK_CAPTURE_AUTORELEASING = YES;
				CLANG_WARN_BOOL_CONVERSION = YES;
				CLANG_WARN_COMMA = YES;
				CLANG_WARN_CONSTANT_CONVERSION = YES;
				CLANG_WARN_DEPRECATED_OBJC_IMPLEMENTATIONS = YES;
				CLANG_WARN_DIRECT_OBJC_ISA_USAGE = YES_ERROR;
				CLANG_WARN_DOCUMENTATION_COMMENTS = YES;
				CLANG_WARN_EMPTY_BODY = YES;
				CLANG_WARN_ENUM_CONVERSION = YES;
				CLANG_WARN_INFINITE_RECURSION = YES;
				CLANG_WARN_INT_CONVERSION = YES;
				CLANG_WARN_NON_LITERAL_NULL_CONVERSION = YES;
				CLANG_WARN_OBJC_IMPLICIT_RETAIN_SELF = YES;
				CLANG_WARN_OBJC_LITERAL_CONVERSION = YES;
				CLANG_WARN_OBJC_ROOT_CLASS = YES_ERROR;
				CLANG_WARN_QUOTED_INCLUDE_IN_FRAMEWORK_HEADER = YES;
				CLANG_WARN_RANGE_LOOP_ANALYSIS = YES;
				CLANG_WARN_STRICT_PROTOTYPES = YES;
				CLANG_WARN_SUSPICIOUS_MOVE = YES;
				CLANG_WARN_UNGUARDED_AVAILABILITY = YES_AGGRESSIVE;
				CLANG_WARN_UNREACHABLE_CODE = YES;
				CLANG_WARN__DUPLICATE_METHOD_MATCH = YES;
				COPY_PHASE_STRIP = NO;
				DEBUG_INFORMATION_FORMAT = dwarf;
				ENABLE_STRICT_OBJC_MSGSEND = YES;
				ENABLE_TESTABILITY = YES;
				GCC_C_LANGUAGE_STANDARD = gnu11;
				GCC_DYNAMIC_NO_PIC = NO;
				GCC_NO_COMMON_BLOCKS = YES;
				GCC_OPTIMIZATION_LEVEL = 0;
				GCC_PREPROCESSOR_DEFINITIONS = (
					"DEBUG=1",
					"$(inherited)",
				);
				GCC_WARN_64_TO_32_BIT_CONVERSION = YES;
				GCC_WARN_ABOUT_RETURN_TYPE = YES_ERROR;
				GCC_WARN_UNDECLARED_SELECTOR = YES;
				GCC_WARN_UNINITIALIZED_AUTOS = YES_AGGRESSIVE;
				GCC_WARN_UNUSED_FUNCTION = YES;
				GCC_WARN_UNUSED_VARIABLE = YES;
				IPHONEOS_DEPLOYMENT_TARGET = 14.5;
				MTL_ENABLE_DEBUG_INFO = INCLUDE_SOURCE;
				MTL_FAST_MATH = YES;
				ONLY_ACTIVE_ARCH = YES;
				SDKROOT = iphoneos;
				SWIFT_ACTIVE_COMPILATION_CONDITIONS = DEBUG;
				SWIFT_OPTIMIZATION_LEVEL = "-Onone";
			};
			name = Debug;
		};
		CDC9A8AE286D810800185C61 /* Release */ = {
			isa = XCBuildConfiguration;
			buildSettings = {
				ALWAYS_SEARCH_USER_PATHS = NO;
				CLANG_ANALYZER_NONNULL = YES;
				CLANG_ANALYZER_NUMBER_OBJECT_CONVERSION = YES_AGGRESSIVE;
				CLANG_CXX_LANGUAGE_STANDARD = "gnu++17";
				CLANG_ENABLE_MODULES = YES;
				CLANG_ENABLE_OBJC_ARC = YES;
				CLANG_ENABLE_OBJC_WEAK = YES;
				CLANG_WARN_BLOCK_CAPTURE_AUTORELEASING = YES;
				CLANG_WARN_BOOL_CONVERSION = YES;
				CLANG_WARN_COMMA = YES;
				CLANG_WARN_CONSTANT_CONVERSION = YES;
				CLANG_WARN_DEPRECATED_OBJC_IMPLEMENTATIONS = YES;
				CLANG_WARN_DIRECT_OBJC_ISA_USAGE = YES_ERROR;
				CLANG_WARN_DOCUMENTATION_COMMENTS = YES;
				CLANG_WARN_EMPTY_BODY = YES;
				CLANG_WARN_ENUM_CONVERSION = YES;
				CLANG_WARN_INFINITE_RECURSION = YES;
				CLANG_WARN_INT_CONVERSION = YES;
				CLANG_WARN_NON_LITERAL_NULL_CONVERSION = YES;
				CLANG_WARN_OBJC_IMPLICIT_RETAIN_SELF = YES;
				CLANG_WARN_OBJC_LITERAL_CONVERSION = YES;
				CLANG_WARN_OBJC_ROOT_CLASS = YES_ERROR;
				CLANG_WARN_QUOTED_INCLUDE_IN_FRAMEWORK_HEADER = YES;
				CLANG_WARN_RANGE_LOOP_ANALYSIS = YES;
				CLANG_WARN_STRICT_PROTOTYPES = YES;
				CLANG_WARN_SUSPICIOUS_MOVE = YES;
				CLANG_WARN_UNGUARDED_AVAILABILITY = YES_AGGRESSIVE;
				CLANG_WARN_UNREACHABLE_CODE = YES;
				CLANG_WARN__DUPLICATE_METHOD_MATCH = YES;
				COPY_PHASE_STRIP = NO;
				DEBUG_INFORMATION_FORMAT = "dwarf-with-dsym";
				ENABLE_NS_ASSERTIONS = NO;
				ENABLE_STRICT_OBJC_MSGSEND = YES;
				GCC_C_LANGUAGE_STANDARD = gnu11;
				GCC_NO_COMMON_BLOCKS = YES;
				GCC_WARN_64_TO_32_BIT_CONVERSION = YES;
				GCC_WARN_ABOUT_RETURN_TYPE = YES_ERROR;
				GCC_WARN_UNDECLARED_SELECTOR = YES;
				GCC_WARN_UNINITIALIZED_AUTOS = YES_AGGRESSIVE;
				GCC_WARN_UNUSED_FUNCTION = YES;
				GCC_WARN_UNUSED_VARIABLE = YES;
				IPHONEOS_DEPLOYMENT_TARGET = 14.5;
				MTL_ENABLE_DEBUG_INFO = NO;
				MTL_FAST_MATH = YES;
				SDKROOT = iphoneos;
				SWIFT_COMPILATION_MODE = wholemodule;
				SWIFT_OPTIMIZATION_LEVEL = "-O";
				VALIDATE_PRODUCT = YES;
			};
			name = Release;
		};
		CDC9A8B0286D810800185C61 /* Debug */ = {
			isa = XCBuildConfiguration;
			buildSettings = {
				ASSETCATALOG_COMPILER_APPICON_NAME = AppIcon;
				ASSETCATALOG_COMPILER_GLOBAL_ACCENT_COLOR_NAME = AccentColor;
				CODE_SIGN_STYLE = Automatic;
				CURRENT_PROJECT_VERSION = 1;
				DEVELOPMENT_ASSET_PATHS = "\"Getit/Preview Content\"";
				DEVELOPMENT_TEAM = RN596XYAX5;
				ENABLE_PREVIEWS = YES;
				GENERATE_INFOPLIST_FILE = YES;
				INFOPLIST_FILE = Getit/Info.plist;
				INFOPLIST_KEY_UIApplicationSceneManifest_Generation = YES;
				INFOPLIST_KEY_UIApplicationSupportsIndirectInputEvents = YES;
				INFOPLIST_KEY_UILaunchScreen_Generation = YES;
				INFOPLIST_KEY_UISupportedInterfaceOrientations_iPad = "UIInterfaceOrientationPortrait UIInterfaceOrientationPortraitUpsideDown UIInterfaceOrientationLandscapeLeft UIInterfaceOrientationLandscapeRight";
				INFOPLIST_KEY_UISupportedInterfaceOrientations_iPhone = "UIInterfaceOrientationPortrait UIInterfaceOrientationLandscapeLeft UIInterfaceOrientationLandscapeRight";
				LD_RUNPATH_SEARCH_PATHS = (
					"$(inherited)",
					"@executable_path/Frameworks",
				);
				MARKETING_VERSION = 1.0;
				PRODUCT_BUNDLE_IDENTIFIER = getit.Getit;
				PRODUCT_NAME = "$(TARGET_NAME)";
				SWIFT_EMIT_LOC_STRINGS = YES;
				SWIFT_VERSION = 5.0;
				TARGETED_DEVICE_FAMILY = "1,2";
			};
			name = Debug;
		};
		CDC9A8B1286D810800185C61 /* Release */ = {
			isa = XCBuildConfiguration;
			buildSettings = {
				ASSETCATALOG_COMPILER_APPICON_NAME = AppIcon;
				ASSETCATALOG_COMPILER_GLOBAL_ACCENT_COLOR_NAME = AccentColor;
				CODE_SIGN_STYLE = Automatic;
				CURRENT_PROJECT_VERSION = 1;
				DEVELOPMENT_ASSET_PATHS = "\"Getit/Preview Content\"";
				DEVELOPMENT_TEAM = RN596XYAX5;
				ENABLE_PREVIEWS = YES;
				GENERATE_INFOPLIST_FILE = YES;
				INFOPLIST_FILE = Getit/Info.plist;
				INFOPLIST_KEY_UIApplicationSceneManifest_Generation = YES;
				INFOPLIST_KEY_UIApplicationSupportsIndirectInputEvents = YES;
				INFOPLIST_KEY_UILaunchScreen_Generation = YES;
				INFOPLIST_KEY_UISupportedInterfaceOrientations_iPad = "UIInterfaceOrientationPortrait UIInterfaceOrientationPortraitUpsideDown UIInterfaceOrientationLandscapeLeft UIInterfaceOrientationLandscapeRight";
				INFOPLIST_KEY_UISupportedInterfaceOrientations_iPhone = "UIInterfaceOrientationPortrait UIInterfaceOrientationLandscapeLeft UIInterfaceOrientationLandscapeRight";
				LD_RUNPATH_SEARCH_PATHS = (
					"$(inherited)",
					"@executable_path/Frameworks",
				);
				MARKETING_VERSION = 1.0;
				PRODUCT_BUNDLE_IDENTIFIER = getit.Getit;
				PRODUCT_NAME = "$(TARGET_NAME)";
				SWIFT_EMIT_LOC_STRINGS = YES;
				SWIFT_VERSION = 5.0;
				TARGETED_DEVICE_FAMILY = "1,2";
			};
			name = Release;
		};
		CDC9A8B3286D810800185C61 /* Debug */ = {
			isa = XCBuildConfiguration;
			buildSettings = {
				ALWAYS_EMBED_SWIFT_STANDARD_LIBRARIES = YES;
				BUNDLE_LOADER = "$(TEST_HOST)";
				CODE_SIGN_STYLE = Automatic;
				CURRENT_PROJECT_VERSION = 1;
				DEVELOPMENT_TEAM = RN596XYAX5;
				GENERATE_INFOPLIST_FILE = YES;
				IPHONEOS_DEPLOYMENT_TARGET = 15.5;
				MARKETING_VERSION = 1.0;
				PRODUCT_BUNDLE_IDENTIFIER = getit.GetitTests;
				PRODUCT_NAME = "$(TARGET_NAME)";
				SWIFT_EMIT_LOC_STRINGS = NO;
				SWIFT_VERSION = 5.0;
				TARGETED_DEVICE_FAMILY = "1,2";
				TEST_HOST = "$(BUILT_PRODUCTS_DIR)/Getit.app/Getit";
			};
			name = Debug;
		};
		CDC9A8B4286D810800185C61 /* Release */ = {
			isa = XCBuildConfiguration;
			buildSettings = {
				ALWAYS_EMBED_SWIFT_STANDARD_LIBRARIES = YES;
				BUNDLE_LOADER = "$(TEST_HOST)";
				CODE_SIGN_STYLE = Automatic;
				CURRENT_PROJECT_VERSION = 1;
				DEVELOPMENT_TEAM = RN596XYAX5;
				GENERATE_INFOPLIST_FILE = YES;
				IPHONEOS_DEPLOYMENT_TARGET = 15.5;
				MARKETING_VERSION = 1.0;
				PRODUCT_BUNDLE_IDENTIFIER = getit.GetitTests;
				PRODUCT_NAME = "$(TARGET_NAME)";
				SWIFT_EMIT_LOC_STRINGS = NO;
				SWIFT_VERSION = 5.0;
				TARGETED_DEVICE_FAMILY = "1,2";
				TEST_HOST = "$(BUILT_PRODUCTS_DIR)/Getit.app/Getit";
			};
			name = Release;
		};
		CDC9A8B6286D810800185C61 /* Debug */ = {
			isa = XCBuildConfiguration;
			buildSettings = {
				ALWAYS_EMBED_SWIFT_STANDARD_LIBRARIES = YES;
				CODE_SIGN_STYLE = Automatic;
				CURRENT_PROJECT_VERSION = 1;
				DEVELOPMENT_TEAM = RN596XYAX5;
				GENERATE_INFOPLIST_FILE = YES;
				MARKETING_VERSION = 1.0;
				PRODUCT_BUNDLE_IDENTIFIER = getit.GetitUITests;
				PRODUCT_NAME = "$(TARGET_NAME)";
				SWIFT_EMIT_LOC_STRINGS = NO;
				SWIFT_VERSION = 5.0;
				TARGETED_DEVICE_FAMILY = "1,2";
				TEST_TARGET_NAME = Getit;
			};
			name = Debug;
		};
		CDC9A8B7286D810800185C61 /* Release */ = {
			isa = XCBuildConfiguration;
			buildSettings = {
				ALWAYS_EMBED_SWIFT_STANDARD_LIBRARIES = YES;
				CODE_SIGN_STYLE = Automatic;
				CURRENT_PROJECT_VERSION = 1;
				DEVELOPMENT_TEAM = RN596XYAX5;
				GENERATE_INFOPLIST_FILE = YES;
				MARKETING_VERSION = 1.0;
				PRODUCT_BUNDLE_IDENTIFIER = getit.GetitUITests;
				PRODUCT_NAME = "$(TARGET_NAME)";
				SWIFT_EMIT_LOC_STRINGS = NO;
				SWIFT_VERSION = 5.0;
				TARGETED_DEVICE_FAMILY = "1,2";
				TEST_TARGET_NAME = Getit;
			};
			name = Release;
		};
/* End XCBuildConfiguration section */

/* Begin XCConfigurationList section */
		CDC9A886286D810700185C61 /* Build configuration list for PBXProject "Getit" */ = {
			isa = XCConfigurationList;
			buildConfigurations = (
				CDC9A8AD286D810800185C61 /* Debug */,
				CDC9A8AE286D810800185C61 /* Release */,
			);
			defaultConfigurationIsVisible = 0;
			defaultConfigurationName = Release;
		};
		CDC9A8AF286D810800185C61 /* Build configuration list for PBXNativeTarget "Getit" */ = {
			isa = XCConfigurationList;
			buildConfigurations = (
				CDC9A8B0286D810800185C61 /* Debug */,
				CDC9A8B1286D810800185C61 /* Release */,
			);
			defaultConfigurationIsVisible = 0;
			defaultConfigurationName = Release;
		};
		CDC9A8B2286D810800185C61 /* Build configuration list for PBXNativeTarget "GetitTests" */ = {
			isa = XCConfigurationList;
			buildConfigurations = (
				CDC9A8B3286D810800185C61 /* Debug */,
				CDC9A8B4286D810800185C61 /* Release */,
			);
			defaultConfigurationIsVisible = 0;
			defaultConfigurationName = Release;
		};
		CDC9A8B5286D810800185C61 /* Build configuration list for PBXNativeTarget "GetitUITests" */ = {
			isa = XCConfigurationList;
			buildConfigurations = (
				CDC9A8B6286D810800185C61 /* Debug */,
				CDC9A8B7286D810800185C61 /* Release */,
			);
			defaultConfigurationIsVisible = 0;
			defaultConfigurationName = Release;
		};
/* End XCConfigurationList section */
	};
	rootObject = CDC9A883286D810700185C61 /* Project object */;
}
